
Microsoft Visual Studio Solution File, Format Version 12.00
# Visual Studio Version 16
VisualStudioVersion = 16.0.30611.23
MinimumVisualStudioVersion = 10.0.40219.1
Project("{8BC9CEB8-8B4A-11D0-8D11-00A0C91BC942}") = "builder", "builder\builder.vcxproj", "{D5B2210E-AED7-48AE-B924-52AC5B2A854F}"
EndProject
Global
	GlobalSection(SolutionConfigurationPlatforms) = preSolution
		Debug|x64 = Debug|x64
		Debug|x86 = Debug|x86
		Release|x64 = Release|x64
		Release|x86 = Release|x86
	EndGlobalSection
	GlobalSection(ProjectConfigurationPlatforms) = postSolution
		{D5B2210E-AED7-48AE-B924-52AC5B2A854F}.Debug|x64.ActiveCfg = Debug|x64
		{D5B2210E-AED7-48AE-B924-52AC5B2A854F}.Debug|x64.Build.0 = Debug|x64
		{D5B2210E-AED7-48AE-B924-52AC5B2A854F}.Debug|x86.ActiveCfg = Debug|Win32
		{D5B2210E-AED7-48AE-B924-52AC5B2A854F}.Debug|x86.Build.0 = Debug|Win32
		{D5B2210E-AED7-48AE-B924-52AC5B2A854F}.Release|x64.ActiveCfg = Release|x64
		{D5B2210E-AED7-48AE-B924-52AC5B2A854F}.Release|x64.Build.0 = Release|x64
		{D5B2210E-AED7-48AE-B924-52AC5B2A854F}.Release|x86.ActiveCfg = Release|Win32
		{D5B2210E-AED7-48AE-B924-52AC5B2A854F}.Release|x86.Build.0 = Release|Win32
	EndGlobalSection
	GlobalSection(SolutionProperties) = preSolution
		HideSolutionNode = FALSE
	EndGlobalSection
	GlobalSection(ExtensibilityGlobals) = postSolution
		SolutionGuid = {0D9F707D-5FAD-4995-B633-4F851BD613E5}
	EndGlobalSection
EndGlobal
